
Microsoft Visual Studio Solution File, Format Version 12.00
# Visual Studio Version 16
VisualStudioVersion = 16.0.30804.86
MinimumVisualStudioVersion = 10.0.40219.1
Project("{9A19103F-16F7-4668-BE54-9A1E7A4F7556}") = "DataAccess", "DataAccess\DataAccess.csproj", "{98CF0BF7-6213-4803-94E0-43E16713D885}"
EndProject
Project("{9A19103F-16F7-4668-BE54-9A1E7A4F7556}") = "Business", "Business\Business.csproj", "{0302D89F-8559-4458-A810-EF5950F79C32}"
EndProject
Project("{9A19103F-16F7-4668-BE54-9A1E7A4F7556}") = "Entities", "Entities\Entities.csproj", "{38C7261A-E8CE-4047-ABF1-70BAC81A0914}"
EndProject
Project("{9A19103F-16F7-4668-BE54-9A1E7A4F7556}") = "ConsoleUI", "ConsoleUI\ConsoleUI.csproj", "{9EDB0463-3844-4815-BEA4-10309E7ACA32}"
EndProject
Project("{FAE04EC0-301F-11D3-BF4B-00C04F79EFBC}") = "Core", "Core\Core.csproj", "{7C2E78D2-12CD-45A5-A0F5-14CB79594673}"
EndProject
Global
	GlobalSection(SolutionConfigurationPlatforms) = preSolution
		Debug|Any CPU = Debug|Any CPU
		Release|Any CPU = Release|Any CPU
	EndGlobalSection
	GlobalSection(ProjectConfigurationPlatforms) = postSolution
		{98CF0BF7-6213-4803-94E0-43E16713D885}.Debug|Any CPU.ActiveCfg = Debug|Any CPU
		{98CF0BF7-6213-4803-94E0-43E16713D885}.Debug|Any CPU.Build.0 = Debug|Any CPU
		{98CF0BF7-6213-4803-94E0-43E16713D885}.Release|Any CPU.ActiveCfg = Release|Any CPU
		{98CF0BF7-6213-4803-94E0-43E16713D885}.Release|Any CPU.Build.0 = Release|Any CPU
		{0302D89F-8559-4458-A810-EF5950F79C32}.Debug|Any CPU.ActiveCfg = Debug|Any CPU
		{0302D89F-8559-4458-A810-EF5950F79C32}.Debug|Any CPU.Build.0 = Debug|Any CPU
		{0302D89F-8559-4458-A810-EF5950F79C32}.Release|Any CPU.ActiveCfg = Release|Any CPU
		{0302D89F-8559-4458-A810-EF5950F79C32}.Release|Any CPU.Build.0 = Release|Any CPU
		{38C7261A-E8CE-4047-ABF1-70BAC81A0914}.Debug|Any CPU.ActiveCfg = Debug|Any CPU
		{38C7261A-E8CE-4047-ABF1-70BAC81A0914}.Debug|Any CPU.Build.0 = Debug|Any CPU
		{38C7261A-E8CE-4047-ABF1-70BAC81A0914}.Release|Any CPU.ActiveCfg = Release|Any CPU
		{38C7261A-E8CE-4047-ABF1-70BAC81A0914}.Release|Any CPU.Build.0 = Release|Any CPU
		{9EDB0463-3844-4815-BEA4-10309E7ACA32}.Debug|Any CPU.ActiveCfg = Debug|Any CPU
		{9EDB0463-3844-4815-BEA4-10309E7ACA32}.Debug|Any CPU.Build.0 = Debug|Any CPU
		{9EDB0463-3844-4815-BEA4-10309E7ACA32}.Release|Any CPU.ActiveCfg = Release|Any CPU
		{9EDB0463-3844-4815-BEA4-10309E7ACA32}.Release|Any CPU.Build.0 = Release|Any CPU
		{7C2E78D2-12CD-45A5-A0F5-14CB79594673}.Debug|Any CPU.ActiveCfg = Debug|Any CPU
		{7C2E78D2-12CD-45A5-A0F5-14CB79594673}.Debug|Any CPU.Build.0 = Debug|Any CPU
		{7C2E78D2-12CD-45A5-A0F5-14CB79594673}.Release|Any CPU.ActiveCfg = Release|Any CPU
		{7C2E78D2-12CD-45A5-A0F5-14CB79594673}.Release|Any CPU.Build.0 = Release|Any CPU
	EndGlobalSection
	GlobalSection(SolutionProperties) = preSolution
		HideSolutionNode = FALSE
	EndGlobalSection
	GlobalSection(ExtensibilityGlobals) = postSolution
		SolutionGuid = {E877E08D-D6F4-4BE9-BB05-F50009FE1F57}
	EndGlobalSection
EndGlobal
